
Microsoft Visual Studio Solution File, Format Version 12.00
# Visual Studio Version 17
VisualStudioVersion = 17.9.34728.123
MinimumVisualStudioVersion = 10.0.40219.1
Project("{FAE04EC0-301F-11D3-BF4B-00C04F79EFBC}") = "WebUI", "WebUI\WebUI.csproj", "{9CEBF3C2-B0D8-4092-A6FA-19AB827E6624}"
EndProject
Project("{FAE04EC0-301F-11D3-BF4B-00C04F79EFBC}") = "Application", "Application\Application.csproj", "{03F54B1A-910D-4DF5-AF88-2A544D7C367B}"
EndProject
Project("{FAE04EC0-301F-11D3-BF4B-00C04F79EFBC}") = "Infrastructure.Data", "Infrastructure.Data\Infrastructure.Data.csproj", "{19AF8F72-FDF5-4EFC-AFBC-D51C48DCB6C1}"
EndProject
Project("{FAE04EC0-301F-11D3-BF4B-00C04F79EFBC}") = "Infrastructure.IOC", "Infrastructure.IOC\Infrastructure.IOC.csproj", "{8627B1F4-A899-4B9E-820C-DB44F8CDC5D1}"
EndProject
Project("{FAE04EC0-301F-11D3-BF4B-00C04F79EFBC}") = "Domain", "Domain\Domain.csproj", "{B6C1B49C-0E29-4433-9BD6-F7E2814ADAAE}"
EndProject
Global
	GlobalSection(SolutionConfigurationPlatforms) = preSolution
		Debug|Any CPU = Debug|Any CPU
		Release|Any CPU = Release|Any CPU
	EndGlobalSection
	GlobalSection(ProjectConfigurationPlatforms) = postSolution
		{9CEBF3C2-B0D8-4092-A6FA-19AB827E6624}.Debug|Any CPU.ActiveCfg = Debug|Any CPU
		{9CEBF3C2-B0D8-4092-A6FA-19AB827E6624}.Debug|Any CPU.Build.0 = Debug|Any CPU
		{9CEBF3C2-B0D8-4092-A6FA-19AB827E6624}.Release|Any CPU.ActiveCfg = Release|Any CPU
		{9CEBF3C2-B0D8-4092-A6FA-19AB827E6624}.Release|Any CPU.Build.0 = Release|Any CPU
		{03F54B1A-910D-4DF5-AF88-2A544D7C367B}.Debug|Any CPU.ActiveCfg = Debug|Any CPU
		{03F54B1A-910D-4DF5-AF88-2A544D7C367B}.Debug|Any CPU.Build.0 = Debug|Any CPU
		{03F54B1A-910D-4DF5-AF88-2A544D7C367B}.Release|Any CPU.ActiveCfg = Release|Any CPU
		{03F54B1A-910D-4DF5-AF88-2A544D7C367B}.Release|Any CPU.Build.0 = Release|Any CPU
		{19AF8F72-FDF5-4EFC-AFBC-D51C48DCB6C1}.Debug|Any CPU.ActiveCfg = Debug|Any CPU
		{19AF8F72-FDF5-4EFC-AFBC-D51C48DCB6C1}.Debug|Any CPU.Build.0 = Debug|Any CPU
		{19AF8F72-FDF5-4EFC-AFBC-D51C48DCB6C1}.Release|Any CPU.ActiveCfg = Release|Any CPU
		{19AF8F72-FDF5-4EFC-AFBC-D51C48DCB6C1}.Release|Any CPU.Build.0 = Release|Any CPU
		{8627B1F4-A899-4B9E-820C-DB44F8CDC5D1}.Debug|Any CPU.ActiveCfg = Debug|Any CPU
		{8627B1F4-A899-4B9E-820C-DB44F8CDC5D1}.Debug|Any CPU.Build.0 = Debug|Any CPU
		{8627B1F4-A899-4B9E-820C-DB44F8CDC5D1}.Release|Any CPU.ActiveCfg = Release|Any CPU
		{8627B1F4-A899-4B9E-820C-DB44F8CDC5D1}.Release|Any CPU.Build.0 = Release|Any CPU
		{B6C1B49C-0E29-4433-9BD6-F7E2814ADAAE}.Debug|Any CPU.ActiveCfg = Debug|Any CPU
		{B6C1B49C-0E29-4433-9BD6-F7E2814ADAAE}.Debug|Any CPU.Build.0 = Debug|Any CPU
		{B6C1B49C-0E29-4433-9BD6-F7E2814ADAAE}.Release|Any CPU.ActiveCfg = Release|Any CPU
		{B6C1B49C-0E29-4433-9BD6-F7E2814ADAAE}.Release|Any CPU.Build.0 = Release|Any CPU
	EndGlobalSection
	GlobalSection(SolutionProperties) = preSolution
		HideSolutionNode = FALSE
	EndGlobalSection
	GlobalSection(ExtensibilityGlobals) = postSolution
		SolutionGuid = {627CBCE1-E76E-4885-9A80-4FF13269ED28}
	EndGlobalSection
EndGlobal
